
Microsoft Visual Studio Solution File, Format Version 12.00
# Visual Studio Version 17
VisualStudioVersion = 17.0.31808.319
MinimumVisualStudioVersion = 10.0.40219.1
Project("{F2A71F9B-5D33-465A-A702-920D77279786}") = "Plugins", "Plugins\Plugins.fsproj", "{7C65FDB3-389B-408F-8362-972234572D1F}"
EndProject
Project("{F2A71F9B-5D33-465A-A702-920D77279786}") = "PluginLib", "PluginLib\PluginLib.fsproj", "{5350AF7D-4AB5-4CCB-9F65-3620C9D85D90}"
EndProject
Project("{F2A71F9B-5D33-465A-A702-920D77279786}") = "PluginLib1", "PluginLib1\PluginLib1.fsproj", "{7334EEAF-4EB6-4FE1-BA39-544661ACE2C9}"
EndProject
Global
	GlobalSection(SolutionConfigurationPlatforms) = preSolution
		Debug|Any CPU = Debug|Any CPU
		Release|Any CPU = Release|Any CPU
	EndGlobalSection
	GlobalSection(ProjectConfigurationPlatforms) = postSolution
		{7C65FDB3-389B-408F-8362-972234572D1F}.Debug|Any CPU.ActiveCfg = Debug|Any CPU
		{7C65FDB3-389B-408F-8362-972234572D1F}.Debug|Any CPU.Build.0 = Debug|Any CPU
		{7C65FDB3-389B-408F-8362-972234572D1F}.Release|Any CPU.ActiveCfg = Release|Any CPU
		{7C65FDB3-389B-408F-8362-972234572D1F}.Release|Any CPU.Build.0 = Release|Any CPU
		{5350AF7D-4AB5-4CCB-9F65-3620C9D85D90}.Debug|Any CPU.ActiveCfg = Debug|Any CPU
		{5350AF7D-4AB5-4CCB-9F65-3620C9D85D90}.Debug|Any CPU.Build.0 = Debug|Any CPU
		{5350AF7D-4AB5-4CCB-9F65-3620C9D85D90}.Release|Any CPU.ActiveCfg = Release|Any CPU
		{5350AF7D-4AB5-4CCB-9F65-3620C9D85D90}.Release|Any CPU.Build.0 = Release|Any CPU
		{7334EEAF-4EB6-4FE1-BA39-544661ACE2C9}.Debug|Any CPU.ActiveCfg = Debug|Any CPU
		{7334EEAF-4EB6-4FE1-BA39-544661ACE2C9}.Debug|Any CPU.Build.0 = Debug|Any CPU
		{7334EEAF-4EB6-4FE1-BA39-544661ACE2C9}.Release|Any CPU.ActiveCfg = Release|Any CPU
		{7334EEAF-4EB6-4FE1-BA39-544661ACE2C9}.Release|Any CPU.Build.0 = Release|Any CPU
	EndGlobalSection
	GlobalSection(SolutionProperties) = preSolution
		HideSolutionNode = FALSE
	EndGlobalSection
	GlobalSection(ExtensibilityGlobals) = postSolution
		SolutionGuid = {9B5B7313-2319-4A50-B17E-C0DD6CA365FB}
	EndGlobalSection
EndGlobal
